# THIS IS AN AUTOGENERATED FILE. DO NOT EDIT THIS FILE DIRECTLY.
# yarn lockfile v1


"@sellside/emitter@^1.2.1":
  version "1.2.1"
  resolved "https://registry.yarnpkg.com/@sellside/emitter/-/emitter-1.2.1.tgz#0dd839c30cdf01087f4dc63613503da6bcdf5f1e"

arr-union@^3.1.0:
  version "3.1.0"
  resolved "https://registry.yarnpkg.com/arr-union/-/arr-union-3.1.0.tgz#e39b09aea9def866a8f206e288af63919bae39c4"

base-x@^3.0.2:
  version "3.0.4"
  resolved "https://registry.yarnpkg.com/base-x/-/base-x-3.0.4.tgz#94c1788736da065edb1d68808869e357c977fa77"
  dependencies:
    safe-buffer "^5.0.1"

base32-encoding@^1.0.0:
  version "1.0.0"
  resolved "https://registry.yarnpkg.com/base32-encoding/-/base32-encoding-1.0.0.tgz#3f46a6adb4d6b7e5cf0f294392c1f9ec600da27b"

bs58@^4.0.1:
  version "4.0.1"
  resolved "https://registry.yarnpkg.com/bs58/-/bs58-4.0.1.tgz#be161e76c354f6f788ae4071f63f34e8c4f0a42a"
  dependencies:
    base-x "^3.0.2"

is-number@^6.0.0:
  version "6.0.0"
  resolved "https://registry.yarnpkg.com/is-number/-/is-number-6.0.0.tgz#e6d15ad31fc262887cccf217ae5f9316f81b1995"

kind-of@^6.0.1, kind-of@^6.0.2:
  version "6.0.2"
  resolved "https://registry.yarnpkg.com/kind-of/-/kind-of-6.0.2.tgz#01146b36a6218e64e58f3a8d66de5d7fc6f6d051"

ngeohash@^0.6.0:
  version "0.6.0"
  resolved "https://registry.yarnpkg.com/ngeohash/-/ngeohash-0.6.0.tgz#329713e9e73d1f1a46d92aab0b94adb94533f687"

pngjs@^3.0.1:
  version "3.3.3"
  resolved "https://registry.yarnpkg.com/pngjs/-/pngjs-3.3.3.tgz#85173703bde3edac8998757b96e5821d0966a21b"

proquint@^0.0.1:
  version "0.0.1"
  resolved "https://registry.yarnpkg.com/proquint/-/proquint-0.0.1.tgz#b79148e5c0dc8e61033de1ab7089e31fc0875906"

safe-buffer@^5.0.1:
  version "5.1.2"
  resolved "https://registry.yarnpkg.com/safe-buffer/-/safe-buffer-5.1.2.tgz#991ec69d296e0313747d59bdfd2b745c35f8828d"

snapdragon-handlers@^1.0.0:
  version "1.0.0"
  resolved "https://registry.yarnpkg.com/snapdragon-handlers/-/snapdragon-handlers-1.0.0.tgz#9d7cb466f59625fbd54958880c6a65c64d988a1a"
  dependencies:
    "@sellside/emitter" "^1.2.1"
    use "^3.1.0"

snapdragon-lexer@^3.1.0:
  version "3.1.0"
  resolved "https://registry.yarnpkg.com/snapdragon-lexer/-/snapdragon-lexer-3.1.0.tgz#d5a67fa96c17d339362fe0296c6c3f3383aabfa0"
  dependencies:
    kind-of "^6.0.2"
    snapdragon-handlers "^1.0.0"
    snapdragon-stack "^2.1.0"
    snapdragon-token "^3.0.1"

snapdragon-stack@^2.1.0:
  version "2.1.0"
  resolved "https://registry.yarnpkg.com/snapdragon-stack/-/snapdragon-stack-2.1.0.tgz#133cb5bca0322be94bb5e75f6dff91997f14b3a8"

snapdragon-token@^3.0.1:
  version "3.0.1"
  resolved "https://registry.yarnpkg.com/snapdragon-token/-/snapdragon-token-3.0.1.tgz#74b5000ed22aacfa4f2d259a471767a580527f4c"
  dependencies:
    kind-of "^6.0.1"

split-string@^5.0.4:
  version "5.0.4"
  resolved "https://registry.yarnpkg.com/split-string/-/split-string-5.0.4.tgz#7c9ea7190d90b70e99260c285f4558b5678e01a3"
  dependencies:
    arr-union "^3.1.0"
    snapdragon-lexer "^3.1.0"

steggy@^2.0.1:
  version "2.0.1"
  resolved "https://registry.yarnpkg.com/steggy/-/steggy-2.0.1.tgz#c12726e3cdbe5218da25c4994a41706aebae7a45"
  dependencies:
    pngjs "^3.0.1"

use@^3.1.0:
  version "3.1.0"
  resolved "https://registry.yarnpkg.com/use/-/use-3.1.0.tgz#14716bf03fdfefd03040aef58d8b4b85f3a7c544"
  dependencies:
    kind-of "^6.0.2"
